
Microsoft Visual Studio Solution File, Format Version 12.00
# Visual Studio Version 17
VisualStudioVersion = 17.9.34728.123
MinimumVisualStudioVersion = 10.0.40219.1
Project("{9A19103F-16F7-4668-BE54-9A1E7A4F7556}") = "ECommerceLambda", "ECommerceLambda\src\ECommerceLambda\ECommerceLambda.csproj", "{EED5CA70-560E-44BD-B364-04538CA2B657}"
EndProject
Project("{9A19103F-16F7-4668-BE54-9A1E7A4F7556}") = "ApproveOrderLambda", "ApproveOrderLambda\src\ApproveOrderLambda\ApproveOrderLambda.csproj", "{65A7B4ED-435C-4DAD-A9AE-B94A53B65D0B}"
EndProject
Project("{9A19103F-16F7-4668-BE54-9A1E7A4F7556}") = "ECommerceLambda.Domain", "ECommerceLambda.Domain\ECommerceLambda.Domain.csproj", "{C8A08D62-CE0F-41F7-942A-9FD1E855DC92}"
EndProject
Project("{9A19103F-16F7-4668-BE54-9A1E7A4F7556}") = "ApproveOrderLambda.Tests", "ApproveOrderLambda.Tests\ApproveOrderLambda.Tests.csproj", "{D13627EC-7832-495E-A9C1-B12FF3279FDC}"
EndProject
Project("{FAE04EC0-301F-11D3-BF4B-00C04F79EFBC}") = "ProcessPaidOrderLambda", "ProcessPaidOrderLambda\src\ProcessPaidOrderLambda\ProcessPaidOrderLambda.csproj", "{2E5C86C7-8643-4468-BAFD-E07E8B51F974}"
EndProject
Project("{FAE04EC0-301F-11D3-BF4B-00C04F79EFBC}") = "ProcessPaidOrderLambda.Tests", "ProcessPaidOrderLambda.Tests\ProcessPaidOrderLambda.Tests.csproj", "{E413EA4B-12F1-4A9B-BF66-6443591290BC}"
EndProject
Global
	GlobalSection(SolutionConfigurationPlatforms) = preSolution
		Debug|Any CPU = Debug|Any CPU
		Release|Any CPU = Release|Any CPU
	EndGlobalSection
	GlobalSection(ProjectConfigurationPlatforms) = postSolution
		{EED5CA70-560E-44BD-B364-04538CA2B657}.Debug|Any CPU.ActiveCfg = Debug|Any CPU
		{EED5CA70-560E-44BD-B364-04538CA2B657}.Debug|Any CPU.Build.0 = Debug|Any CPU
		{EED5CA70-560E-44BD-B364-04538CA2B657}.Release|Any CPU.ActiveCfg = Release|Any CPU
		{EED5CA70-560E-44BD-B364-04538CA2B657}.Release|Any CPU.Build.0 = Release|Any CPU
		{65A7B4ED-435C-4DAD-A9AE-B94A53B65D0B}.Debug|Any CPU.ActiveCfg = Debug|Any CPU
		{65A7B4ED-435C-4DAD-A9AE-B94A53B65D0B}.Debug|Any CPU.Build.0 = Debug|Any CPU
		{65A7B4ED-435C-4DAD-A9AE-B94A53B65D0B}.Release|Any CPU.ActiveCfg = Release|Any CPU
		{65A7B4ED-435C-4DAD-A9AE-B94A53B65D0B}.Release|Any CPU.Build.0 = Release|Any CPU
		{C8A08D62-CE0F-41F7-942A-9FD1E855DC92}.Debug|Any CPU.ActiveCfg = Debug|Any CPU
		{C8A08D62-CE0F-41F7-942A-9FD1E855DC92}.Debug|Any CPU.Build.0 = Debug|Any CPU
		{C8A08D62-CE0F-41F7-942A-9FD1E855DC92}.Release|Any CPU.ActiveCfg = Release|Any CPU
		{C8A08D62-CE0F-41F7-942A-9FD1E855DC92}.Release|Any CPU.Build.0 = Release|Any CPU
		{D13627EC-7832-495E-A9C1-B12FF3279FDC}.Debug|Any CPU.ActiveCfg = Debug|Any CPU
		{D13627EC-7832-495E-A9C1-B12FF3279FDC}.Debug|Any CPU.Build.0 = Debug|Any CPU
		{D13627EC-7832-495E-A9C1-B12FF3279FDC}.Release|Any CPU.ActiveCfg = Release|Any CPU
		{D13627EC-7832-495E-A9C1-B12FF3279FDC}.Release|Any CPU.Build.0 = Release|Any CPU
		{2E5C86C7-8643-4468-BAFD-E07E8B51F974}.Debug|Any CPU.ActiveCfg = Debug|Any CPU
		{2E5C86C7-8643-4468-BAFD-E07E8B51F974}.Debug|Any CPU.Build.0 = Debug|Any CPU
		{2E5C86C7-8643-4468-BAFD-E07E8B51F974}.Release|Any CPU.ActiveCfg = Release|Any CPU
		{2E5C86C7-8643-4468-BAFD-E07E8B51F974}.Release|Any CPU.Build.0 = Release|Any CPU
		{E413EA4B-12F1-4A9B-BF66-6443591290BC}.Debug|Any CPU.ActiveCfg = Debug|Any CPU
		{E413EA4B-12F1-4A9B-BF66-6443591290BC}.Debug|Any CPU.Build.0 = Debug|Any CPU
		{E413EA4B-12F1-4A9B-BF66-6443591290BC}.Release|Any CPU.ActiveCfg = Release|Any CPU
		{E413EA4B-12F1-4A9B-BF66-6443591290BC}.Release|Any CPU.Build.0 = Release|Any CPU
	EndGlobalSection
	GlobalSection(SolutionProperties) = preSolution
		HideSolutionNode = FALSE
	EndGlobalSection
	GlobalSection(ExtensibilityGlobals) = postSolution
		SolutionGuid = {2A162ABF-023B-4374-AC11-746A46EDB81C}
	EndGlobalSection
EndGlobal
